// !$*UTF8*$!
{
	archiveVersion = 1;
	classes = {
	};
	objectVersion = 50;
	objects = {

/* Begin PBXBuildFile section */
		C41EEE58242192FB004644ED /* AppDelegate.swift in Sources */ = {isa = PBXBuildFile; fileRef = C41EEE57242192FB004644ED /* AppDelegate.swift */; };
		C41EEE5A242192FB004644ED /* SceneDelegate.swift in Sources */ = {isa = PBXBuildFile; fileRef = C41EEE59242192FB004644ED /* SceneDelegate.swift */; };
		C41EEE5C242192FB004644ED /* ViewController.swift in Sources */ = {isa = PBXBuildFile; fileRef = C41EEE5B242192FB004644ED /* ViewController.swift */; };
		C41EEE5F242192FB004644ED /* Main.storyboard in Resources */ = {isa = PBXBuildFile; fileRef = C41EEE5D242192FB004644ED /* Main.storyboard */; };
		C41EEE62242192FB004644ED /* Covid19Reports.xcdatamodeld in Sources */ = {isa = PBXBuildFile; fileRef = C41EEE60242192FB004644ED /* Covid19Reports.xcdatamodeld */; };
		C41EEE64242192FE004644ED /* Assets.xcassets in Resources */ = {isa = PBXBuildFile; fileRef = C41EEE63242192FE004644ED /* Assets.xcassets */; };
		C41EEE67242192FE004644ED /* LaunchScreen.storyboard in Resources */ = {isa = PBXBuildFile; fileRef = C41EEE65242192FE004644ED /* LaunchScreen.storyboard */; };
/* End PBXBuildFile section */

/* Begin PBXFileReference section */
		C41EEE54242192FB004644ED /* Covid19Reports.app */ = {isa = PBXFileReference; explicitFileType = wrapper.application; includeInIndex = 0; path = Covid19Reports.app; sourceTree = BUILT_PRODUCTS_DIR; };
		C41EEE57242192FB004644ED /* AppDelegate.swift */ = {isa = PBXFileReference; lastKnownFileType = sourcecode.swift; path = AppDelegate.swift; sourceTree = "<group>"; };
		C41EEE59242192FB004644ED /* SceneDelegate.swift */ = {isa = PBXFileReference; lastKnownFileType = sourcecode.swift; path = SceneDelegate.swift; sourceTree = "<group>"; };
		C41EEE5B242192FB004644ED /* ViewController.swift */ = {isa = PBXFileReference; lastKnownFileType = sourcecode.swift; path = ViewController.swift; sourceTree = "<group>"; };
		C41EEE5E242192FB004644ED /* Base */ = {isa = PBXFileReference; lastKnownFileType = file.storyboard; name = Base; path = Base.lproj/Main.storyboard; sourceTree = "<group>"; };
		C41EEE61242192FB004644ED /* Covid19Reports.xcdatamodel */ = {isa = PBXFileReference; lastKnownFileType = wrapper.xcdatamodel; path = Covid19Reports.xcdatamodel; sourceTree = "<group>"; };
		C41EEE63242192FE004644ED /* Assets.xcassets */ = {isa = PBXFileReference; lastKnownFileType = folder.assetcatalog; path = Assets.xcassets; sourceTree = "<group>"; };
		C41EEE66242192FE004644ED /* Base */ = {isa = PBXFileReference; lastKnownFileType = file.storyboard; name = Base; path = Base.lproj/LaunchScreen.storyboard; sourceTree = "<group>"; };
		C41EEE68242192FE004644ED /* Info.plist */ = {isa = PBXFileReference; lastKnownFileType = text.plist.xml; path = Info.plist; sourceTree = "<group>"; };
/* End PBXFileReference section */

/* Begin PBXFrameworksBuildPhase section */
		C41EEE51242192FB004644ED /* Frameworks */ = {
			isa = PBXFrameworksBuildPhase;
			buildActionMask = 2147483647;
			files = (
			);
			runOnlyForDeploymentPostprocessing = 0;
		};
/* End PBXFrameworksBuildPhase section */

/* Begin PBXGroup section */
		C41EEE4B242192FB004644ED = {
			isa = PBXGroup;
			children = (
				C41EEE56242192FB004644ED /* Covid19Reports */,
				C41EEE55242192FB004644ED /* Products */,
			);
			sourceTree = "<group>";
		};
		C41EEE55242192FB004644ED /* Products */ = {
			isa = PBXGroup;
			children = (
				C41EEE54242192FB004644ED /* Covid19Reports.app */,
			);
			name = Products;
			sourceTree = "<group>";
		};
		C41EEE56242192FB004644ED /* Covid19Reports */ = {
			isa = PBXGroup;
			children = (
				C41EEE57242192FB004644ED /* AppDelegate.swift */,
				C41EEE59242192FB004644ED /* SceneDelegate.swift */,
				C41EEE5B242192FB004644ED /* ViewController.swift */,
				C41EEE5D242192FB004644ED /* Main.storyboard */,
				C41EEE63242192FE004644ED /* Assets.xcassets */,
				C41EEE65242192FE004644ED /* LaunchScreen.storyboard */,
				C41EEE68242192FE004644ED /* Info.plist */,
				C41EEE60242192FB004644ED /* Covid19Reports.xcdatamodeld */,
			);
			path = Covid19Reports;
			sourceTree = "<group>";
		};
/* End PBXGroup section */

/* Begin PBXNativeTarget section */
		C41EEE53242192FB004644ED /* Covid19Reports */ = {
			isa = PBXNativeTarget;
			buildConfigurationList = C41EEE6B242192FE004644ED /* Build configuration list for PBXNativeTarget "Covid19Reports" */;
			buildPhases = (
				C41EEE50242192FB004644ED /* Sources */,
				C41EEE51242192FB004644ED /* Frameworks */,
				C41EEE52242192FB004644ED /* Resources */,
			);
			buildRules = (
			);
			dependencies = (
			);
			name = Covid19Reports;
			productName = Covid19Reports;
			productReference = C41EEE54242192FB004644ED /* Covid19Reports.app */;
			productType = "com.apple.product-type.application";
		};
/* End PBXNativeTarget section */

/* Begin PBXProject section */
		C41EEE4C242192FB004644ED /* Project object */ = {
			isa = PBXProject;
			attributes = {
				LastSwiftUpdateCheck = 1130;
				LastUpgradeCheck = 1130;
				ORGANIZATIONNAME = "Kobe McKee";
				TargetAttributes = {
					C41EEE53242192FB004644ED = {
						CreatedOnToolsVersion = 11.3.1;
					};
				};
			};
			buildConfigurationList = C41EEE4F242192FB004644ED /* Build configuration list for PBXProject "Covid19Reports" */;
			compatibilityVersion = "Xcode 9.3";
			developmentRegion = en;
			hasScannedForEncodings = 0;
			knownRegions = (
				en,
				Base,
			);
			mainGroup = C41EEE4B242192FB004644ED;
			productRefGroup = C41EEE55242192FB004644ED /* Products */;
			projectDirPath = "";
			projectRoot = "";
			targets = (
				C41EEE53242192FB004644ED /* Covid19Reports */,
			);
		};
/* End PBXProject section */

/* Begin PBXResourcesBuildPhase section */
		C41EEE52242192FB004644ED /* Resources */ = {
			isa = PBXResourcesBuildPhase;
			buildActionMask = 2147483647;
			files = (
				C41EEE67242192FE004644ED /* LaunchScreen.storyboard in Resources */,
				C41EEE64242192FE004644ED /* Assets.xcassets in Resources */,
				C41EEE5F242192FB004644ED /* Main.storyboard in Resources */,
			);
			runOnlyForDeploymentPostprocessing = 0;
		};
/* End PBXResourcesBuildPhase section */

/* Begin PBXSourcesBuildPhase section */
		C41EEE50242192FB004644ED /* Sources */ = {
			isa = PBXSourcesBuildPhase;
			buildActionMask = 2147483647;
			files = (
				C41EEE5C242192FB004644ED /* ViewController.swift in Sources */,
				C41EEE62242192FB004644ED /* Covid19Reports.xcdatamodeld in Sources */,
				C41EEE58242192FB004644ED /* AppDelegate.swift in Sources */,
				C41EEE5A242192FB004644ED /* SceneDelegate.swift in Sources */,
			);
			runOnlyForDeploymentPostprocessing = 0;
		};
/* End PBXSourcesBuildPhase section */

/* Begin PBXVariantGroup section */
		C41EEE5D242192FB004644ED /* Main.storyboard */ = {
			isa = PBXVariantGroup;
			children = (
				C41EEE5E242192FB004644ED /* Base */,
			);
			name = Main.storyboard;
			sourceTree = "<group>";
		};
		C41EEE65242192FE004644ED /* LaunchScreen.storyboard */ = {
			isa = PBXVariantGroup;
			children = (
				C41EEE66242192FE004644ED /* Base */,
			);
			name = LaunchScreen.storyboard;
			sourceTree = "<group>";
		};
/* End PBXVariantGroup section */

/* Begin XCBuildConfiguration section */
		C41EEE69242192FE004644ED /* Debug */ = {
			isa = XCBuildConfiguration;
			buildSettings = {
				ALWAYS_SEARCH_USER_PATHS = NO;
				CLANG_ANALYZER_NONNULL = YES;
				CLANG_ANALYZER_NUMBER_OBJECT_CONVERSION = YES_AGGRESSIVE;
				CLANG_CXX_LANGUAGE_STANDARD = "gnu++14";
				CLANG_CXX_LIBRARY = "libc++";
				CLANG_ENABLE_MODULES = YES;
				CLANG_ENABLE_OBJC_ARC = YES;
				CLANG_ENABLE_OBJC_WEAK = YES;
				CLANG_WARN_BLOCK_CAPTURE_AUTORELEASING = YES;
				CLANG_WARN_BOOL_CONVERSION = YES;
				CLANG_WARN_COMMA = YES;
				CLANG_WARN_CONSTANT_CONVERSION = YES;
				CLANG_WARN_DEPRECATED_OBJC_IMPLEMENTATIONS = YES;
				CLANG_WARN_DIRECT_OBJC_ISA_USAGE = YES_ERROR;
				CLANG_WARN_DOCUMENTATION_COMMENTS = YES;
				CLANG_WARN_EMPTY_BODY = YES;
				CLANG_WARN_ENUM_CONVERSION = YES;
				CLANG_WARN_INFINITE_RECURSION = YES;
				CLANG_WARN_INT_CONVERSION = YES;
				CLANG_WARN_NON_LITERAL_NULL_CONVERSION = YES;
				CLANG_WARN_OBJC_IMPLICIT_RETAIN_SELF = YES;
				CLANG_WARN_OBJC_LITERAL_CONVERSION = YES;
				CLANG_WARN_OBJC_ROOT_CLASS = YES_ERROR;
				CLANG_WARN_RANGE_LOOP_ANALYSIS = YES;
				CLANG_WARN_STRICT_PROTOTYPES = YES;
				CLANG_WARN_SUSPICIOUS_MOVE = YES;
				CLANG_WARN_UNGUARDED_AVAILABILITY = YES_AGGRESSIVE;
				CLANG_WARN_UNREACHABLE_CODE = YES;
				CLANG_WARN__DUPLICATE_METHOD_MATCH = YES;
				COPY_PHASE_STRIP = NO;
				DEBUG_INFORMATION_FORMAT = dwarf;
				ENABLE_STRICT_OBJC_MSGSEND = YES;
				ENABLE_TESTABILITY = YES;
				GCC_C_LANGUAGE_STANDARD = gnu11;
				GCC_DYNAMIC_NO_PIC = NO;
				GCC_NO_COMMON_BLOCKS = YES;
				GCC_OPTIMIZATION_LEVEL = 0;
				GCC_PREPROCESSOR_DEFINITIONS = (
					"DEBUG=1",
					"$(inherited)",
				);
				GCC_WARN_64_TO_32_BIT_CONVERSION = YES;
				GCC_WARN_ABOUT_RETURN_TYPE = YES_ERROR;
				GCC_WARN_UNDECLARED_SELECTOR = YES;
				GCC_WARN_UNINITIALIZED_AUTOS = YES_AGGRESSIVE;
				GCC_WARN_UNUSED_FUNCTION = YES;
				GCC_WARN_UNUSED_VARIABLE = YES;
				IPHONEOS_DEPLOYMENT_TARGET = 13.2;
				MTL_ENABLE_DEBUG_INFO = INCLUDE_SOURCE;
				MTL_FAST_MATH = YES;
				ONLY_ACTIVE_ARCH = YES;
				SDKROOT = iphoneos;
				SWIFT_ACTIVE_COMPILATION_CONDITIONS = DEBUG;
				SWIFT_OPTIMIZATION_LEVEL = "-Onone";
			};
			name = Debug;
		};
		C41EEE6A242192FE004644ED /* Release */ = {
			isa = XCBuildConfiguration;
			buildSettings = {
				ALWAYS_SEARCH_USER_PATHS = NO;
				CLANG_ANALYZER_NONNULL = YES;
				CLANG_ANALYZER_NUMBER_OBJECT_CONVERSION = YES_AGGRESSIVE;
				CLANG_CXX_LANGUAGE_STANDARD = "gnu++14";
				CLANG_CXX_LIBRARY = "libc++";
				CLANG_ENABLE_MODULES = YES;
				CLANG_ENABLE_OBJC_ARC = YES;
				CLANG_ENABLE_OBJC_WEAK = YES;
				CLANG_WARN_BLOCK_CAPTURE_AUTORELEASING = YES;
				CLANG_WARN_BOOL_CONVERSION = YES;
				CLANG_WARN_COMMA = YES;
				CLANG_WARN_CONSTANT_CONVERSION = YES;
				CLANG_WARN_DEPRECATED_OBJC_IMPLEMENTATIONS = YES;
				CLANG_WARN_DIRECT_OBJC_ISA_USAGE = YES_ERROR;
				CLANG_WARN_DOCUMENTATION_COMMENTS = YES;
				CLANG_WARN_EMPTY_BODY = YES;
				CLANG_WARN_ENUM_CONVERSION = YES;
				CLANG_WARN_INFINITE_RECURSION = YES;
				CLANG_WARN_INT_CONVERSION = YES;
				CLANG_WARN_NON_LITERAL_NULL_CONVERSION = YES;
				CLANG_WARN_OBJC_IMPLICIT_RETAIN_SELF = YES;
				CLANG_WARN_OBJC_LITERAL_CONVERSION = YES;
				CLANG_WARN_OBJC_ROOT_CLASS = YES_ERROR;
				CLANG_WARN_RANGE_LOOP_ANALYSIS = YES;
				CLANG_WARN_STRICT_PROTOTYPES = YES;
				CLANG_WARN_SUSPICIOUS_MOVE = YES;
				CLANG_WARN_UNGUARDED_AVAILABILITY = YES_AGGRESSIVE;
				CLANG_WARN_UNREACHABLE_CODE = YES;
				CLANG_WARN__DUPLICATE_METHOD_MATCH = YES;
				COPY_PHASE_STRIP = NO;
				DEBUG_INFORMATION_FORMAT = "dwarf-with-dsym";
				ENABLE_NS_ASSERTIONS = NO;
				ENABLE_STRICT_OBJC_MSGSEND = YES;
				GCC_C_LANGUAGE_STANDARD = gnu11;
				GCC_NO_COMMON_BLOCKS = YES;
				GCC_WARN_64_TO_32_BIT_CONVERSION = YES;
				GCC_WARN_ABOUT_RETURN_TYPE = YES_ERROR;
				GCC_WARN_UNDECLARED_SELECTOR = YES;
				GCC_WARN_UNINITIALIZED_AUTOS = YES_AGGRESSIVE;
				GCC_WARN_UNUSED_FUNCTION = YES;
				GCC_WARN_UNUSED_VARIABLE = YES;
				IPHONEOS_DEPLOYMENT_TARGET = 13.2;
				MTL_ENABLE_DEBUG_INFO = NO;
				MTL_FAST_MATH = YES;
				SDKROOT = iphoneos;
				SWIFT_COMPILATION_MODE = wholemodule;
				SWIFT_OPTIMIZATION_LEVEL = "-O";
				VALIDATE_PRODUCT = YES;
			};
			name = Release;
		};
		C41EEE6C242192FE004644ED /* Debug */ = {
			isa = XCBuildConfiguration;
			buildSettings = {
				ASSETCATALOG_COMPILER_APPICON_NAME = AppIcon;
				CODE_SIGN_STYLE = Automatic;
				DEVELOPMENT_TEAM = K572L95MDD;
				INFOPLIST_FILE = Covid19Reports/Info.plist;
				LD_RUNPATH_SEARCH_PATHS = (
					"$(inherited)",
					"@executable_path/Frameworks",
				);
				PRODUCT_BUNDLE_IDENTIFIER = com.kobemckee.Covid19Reports;
				PRODUCT_NAME = "$(TARGET_NAME)";
				SWIFT_VERSION = 5.0;
				TARGETED_DEVICE_FAMILY = "1,2";
			};
			name = Debug;
		};
		C41EEE6D242192FE004644ED /* Release */ = {
			isa = XCBuildConfiguration;
			buildSettings = {
				ASSETCATALOG_COMPILER_APPICON_NAME = AppIcon;
				CODE_SIGN_STYLE = Automatic;
				DEVELOPMENT_TEAM = K572L95MDD;
				INFOPLIST_FILE = Covid19Reports/Info.plist;
				LD_RUNPATH_SEARCH_PATHS = (
					"$(inherited)",
					"@executable_path/Frameworks",
				);
				PRODUCT_BUNDLE_IDENTIFIER = com.kobemckee.Covid19Reports;
				PRODUCT_NAME = "$(TARGET_NAME)";
				SWIFT_VERSION = 5.0;
				TARGETED_DEVICE_FAMILY = "1,2";
			};
			name = Release;
		};
/* End XCBuildConfiguration section */

/* Begin XCConfigurationList section */
		C41EEE4F242192FB004644ED /* Build configuration list for PBXProject "Covid19Reports" */ = {
			isa = XCConfigurationList;
			buildConfigurations = (
				C41EEE69242192FE004644ED /* Debug */,
				C41EEE6A242192FE004644ED /* Release */,
			);
			defaultConfigurationIsVisible = 0;
			defaultConfigurationName = Release;
		};
		C41EEE6B242192FE004644ED /* Build configuration list for PBXNativeTarget "Covid19Reports" */ = {
			isa = XCConfigurationList;
			buildConfigurations = (
				C41EEE6C242192FE004644ED /* Debug */,
				C41EEE6D242192FE004644ED /* Release */,
			);
			defaultConfigurationIsVisible = 0;
			defaultConfigurationName = Release;
		};
/* End XCConfigurationList section */

/* Begin XCVersionGroup section */
		C41EEE60242192FB004644ED /* Covid19Reports.xcdatamodeld */ = {
			isa = XCVersionGroup;
			children = (
				C41EEE61242192FB004644ED /* Covid19Reports.xcdatamodel */,
			);
			currentVersion = C41EEE61242192FB004644ED /* Covid19Reports.xcdatamodel */;
			path = Covid19Reports.xcdatamodeld;
			sourceTree = "<group>";
			versionGroupType = wrapper.xcdatamodel;
		};
/* End XCVersionGroup section */
	};
	rootObject = C41EEE4C242192FB004644ED /* Project object */;
}
